
Microsoft Visual Studio Solution File, Format Version 12.00
# Visual Studio 15
VisualStudioVersion = 15.0.28307.489
MinimumVisualStudioVersion = 10.0.40219.1
Project("{FAE04EC0-301F-11D3-BF4B-00C04F79EFBC}") = "WcfService", "WcfService\WcfService.csproj", "{E4C60A52-E27B-4246-868D-240F12D15F4A}"
EndProject
Project("{FAE04EC0-301F-11D3-BF4B-00C04F79EFBC}") = "clsServicio", "clsServicio\clsServicio.csproj", "{155D0408-C9D9-4C44-A38C-1E20293D5EAB}"
EndProject
Project("{FAE04EC0-301F-11D3-BF4B-00C04F79EFBC}") = "ConsoleTest", "ConsoleTest\ConsoleTest.csproj", "{D23E7AA3-40AE-454D-B761-0CE49B3822C8}"
EndProject
Global
	GlobalSection(SolutionConfigurationPlatforms) = preSolution
		Debug|Any CPU = Debug|Any CPU
		Release|Any CPU = Release|Any CPU
	EndGlobalSection
	GlobalSection(ProjectConfigurationPlatforms) = postSolution
		{E4C60A52-E27B-4246-868D-240F12D15F4A}.Debug|Any CPU.ActiveCfg = Debug|Any CPU
		{E4C60A52-E27B-4246-868D-240F12D15F4A}.Debug|Any CPU.Build.0 = Debug|Any CPU
		{E4C60A52-E27B-4246-868D-240F12D15F4A}.Release|Any CPU.ActiveCfg = Release|Any CPU
		{E4C60A52-E27B-4246-868D-240F12D15F4A}.Release|Any CPU.Build.0 = Release|Any CPU
		{155D0408-C9D9-4C44-A38C-1E20293D5EAB}.Debug|Any CPU.ActiveCfg = Debug|Any CPU
		{155D0408-C9D9-4C44-A38C-1E20293D5EAB}.Debug|Any CPU.Build.0 = Debug|Any CPU
		{155D0408-C9D9-4C44-A38C-1E20293D5EAB}.Release|Any CPU.ActiveCfg = Release|Any CPU
		{155D0408-C9D9-4C44-A38C-1E20293D5EAB}.Release|Any CPU.Build.0 = Release|Any CPU
		{D23E7AA3-40AE-454D-B761-0CE49B3822C8}.Debug|Any CPU.ActiveCfg = Debug|Any CPU
		{D23E7AA3-40AE-454D-B761-0CE49B3822C8}.Debug|Any CPU.Build.0 = Debug|Any CPU
		{D23E7AA3-40AE-454D-B761-0CE49B3822C8}.Release|Any CPU.ActiveCfg = Release|Any CPU
		{D23E7AA3-40AE-454D-B761-0CE49B3822C8}.Release|Any CPU.Build.0 = Release|Any CPU
	EndGlobalSection
	GlobalSection(SolutionProperties) = preSolution
		HideSolutionNode = FALSE
	EndGlobalSection
	GlobalSection(ExtensibilityGlobals) = postSolution
		SolutionGuid = {A7786B09-5F14-467C-8C56-374557917EC6}
	EndGlobalSection
EndGlobal
